
Microsoft Visual Studio Solution File, Format Version 12.00
# Visual Studio Version 17
VisualStudioVersion = 17.6.33801.468
MinimumVisualStudioVersion = 10.0.40219.1
Project("{FAE04EC0-301F-11D3-BF4B-00C04F79EFBC}") = "WpfAppTopRep", "WpfAppTopRep.csproj", "{2C91B561-C125-44FD-8E2F-E2184A31C523}"
EndProject
Global
	GlobalSection(SolutionConfigurationPlatforms) = preSolution
		Debug|Any CPU = Debug|Any CPU
		Release|Any CPU = Release|Any CPU
	EndGlobalSection
	GlobalSection(ProjectConfigurationPlatforms) = postSolution
		{2C91B561-C125-44FD-8E2F-E2184A31C523}.Debug|Any CPU.ActiveCfg = Debug|Any CPU
		{2C91B561-C125-44FD-8E2F-E2184A31C523}.Debug|Any CPU.Build.0 = Debug|Any CPU
		{2C91B561-C125-44FD-8E2F-E2184A31C523}.Release|Any CPU.ActiveCfg = Release|Any CPU
		{2C91B561-C125-44FD-8E2F-E2184A31C523}.Release|Any CPU.Build.0 = Release|Any CPU
	EndGlobalSection
	GlobalSection(SolutionProperties) = preSolution
		HideSolutionNode = FALSE
	EndGlobalSection
	GlobalSection(ExtensibilityGlobals) = postSolution
		SolutionGuid = {D0518A91-6C57-4A97-9EAC-4E743D74B479}
	EndGlobalSection
EndGlobal
